lockfileVersion: '9.0'

settings:
  autoInstallPeers: true
  excludeLinksFromLockfile: false

importers:

  .:
    devDependencies:
      '@changesets/cli':
        specifier: ^3.0.3
        version: 3.0.3
      oxc-minify:
        specifier: ^0.120.0
        version: 0.120.0

packages:

  '@changesets/apply-release-plan@8.1.1':
    resolution: {integrity: sha512-nk2Hbq3M9NeHMdaIRBDvawKrQJzXB9sGyBUE5yWnIKtvdcNCPj75zBekJYr0gTT2ecJH3eFeTrc8eisPImcv0Q==}
    engines: {node: ^22.11 || ^24 || >=26}

  '@changesets/assemble-release-plan@7.0.0':
    resolution: {integrity: sha512-oEW8BxdA604kGGtDSCiHr5w9Tv4UWe9I2k61IBNZzCOE1kbYaJj4v+lFQNgcEZFkUc2pV/+hASErGDvpJOZCTg==}
    engines: {node: ^22.11 || ^24 || >=26}

  '@changesets/changelog-git@1.0.0':
    resolution: {integrity: sha512-3Dst2Ime2Op5nd4XmWJLPIgp11ZFqJqSkVug9izK6TDcIV4YlhPS4ECbEVR+eGI0bk0r1ItogD4j2Oli87bJrA==}
    engines: {node: ^22.11 || ^24 || >=26}

  '@changesets/cli@3.0.3':
    resolution: {integrity: sha512-L1i67bMfkK6iC/kDejuNO4pFgTRcWIObsD6Qof2woP1I4M8tj17DGlcpRaTzTv1DYSP5EMwWdEtR8X0Pj5Jg3Q==}
    engines: {node: ^22.11 || ^24 || >=26, npm: '>=10.9.0', pnpm: '>=10.0.0', yarn: '>=4.5.2'}
    hasBin: true

  '@changesets/config@4.0.1':
    resolution: {integrity: sha512-PxpxSQLQSLDjceAgRq+4FWlU+HflDIw03mmPVipxoQx9xrXFUjmqTy3SE+n/2t+DqPdpPiLWVr5NRiLZvjyLwg==}
    engines: {node: ^22.11 || ^24 || >=26}

  '@changesets/errors@1.0.0':
    resolution: {integrity: sha512-ElN/mEzn6zmETgjwf5MclCMa9ef59sAR0lfO8VSYIsiRvbC2FbLB/92EoYw10Sl0kGixxHFiJZUSv7dA+YpR8g==}
    engines: {node: ^22.11 || ^24 || >=26}

  '@changesets/format@0.1.2':
    resolution: {integrity: sha512-Caez5XtNXCFS/G5bwyav3wuXL0tMxVd2ZGbaumWbzN08tyzO21asCw7JZhNtVsAZDCvDRUzZN+Iit9SyRITSYA==}
    engines: {node: ^22.11 || ^24 || >=26}

  '@changesets/get-dependents-graph@3.0.0':
    resolution: {integrity: sha512-ji/t5wFA1zREKXRUePE6Qi+Qu2UgxCeSSGQrphezwvQZrp49B7sJ+8+wvM0tA7zPeSxYKCojDy3WWgrl+s+awg==}
    engines: {node: ^22.11 || ^24 || >=26}

  '@changesets/git@4.0.1':
    resolution: {integrity: sha512-6vWpIAC4LkpmlqaIu37ViT5enyd9+uBwAiGqCGhASvkSHBgx4PrtTGXWTMFYpDmZbjgyonyVgMciPrW4MqtJsA==}
    engines: {node: ^22.11 || ^24 || >=26}

  '@changesets/parse@1.0.0':
    resolution: {integrity: sha512-P0iaMb9p9CRYZiTgAllEIF9AUMQHIy1G72tKlcIqJp61icZSsKQNiOPdxAMZG8m/DvZwt/oz5xEbTpike//dWg==}
    engines: {node: ^22.11 || ^24 || >=26}

  '@changesets/pre@3.0.0':
    resolution: {integrity: sha512-Zm/6YliV/a2oeWTqHJf6KxLrQwgcK1i/BRDl2m0EKZvbnxV5fG9QRhwJJGshjsZTUTS6dkfURQ2K6aAvgNw/3Q==}
    engines: {node: ^22.11 || ^24 || >=26}

  '@changesets/read@1.0.1':
    resolution: {integrity: sha512-nzvSC6RcTiWf/dsuwZFXpLzGGsRHYCL68U3uHV7srsulU93aVWY7u2GEJiDZ+4GIIElfaW5EqtKC0UHroY+LTQ==}
    engines: {node: ^22.11 || ^24 || >=26}

  '@changesets/should-skip-package@1.0.0':
    resolution: {integrity: sha512-pwqoJmbONn1XgXmZXPEExgAaT+HdZLjALFTDgIm+PnS5KeO2nLtzA2/Q+4aMFY14kFMuXKG30MObhvDzWgzDgg==}
    engines: {node: ^22.11 || ^24 || >=26}

  '@changesets/types@7.0.0':
    resolution: {integrity: sha512-c5GoiQyt3pxiXjrWSNoP8/GRf4kG+VnKzovx1OQM8dYYALlSwgedmkPmJ+ZqGxqwg9D3Bkj85Uo4KLd5BN3A0w==}
    engines: {node: ^22.11 || ^24 || >=26}

  '@changesets/write@1.0.1':
    resolution: {integrity: sha512-q/ThtP9gcnEP6xlv7LrY26C2mHqdGBti/MmOVngt/M/oIGYkssmQGxPK9WzBNt2juVcH/vml2WQ+ra8LXYOTaA==}
    engines: {node: ^22.11 || ^24 || >=26}

  '@clack/core@1.5.1':
    resolution: {integrity: sha512-iHTrHA8MtVuLl2TfZySmcKv1qO2PoyC9Z7pfSDozEuV5vtY3/wcOPKJXlqJ5Oq2Cx5DDGQGAMVx6HZfRRoVEbQ==}
    engines: {node: '>= 20.12.0'}

  '@clack/prompts@1.8.1':
    resolution: {integrity: sha512-dlT1m5e/0yUL0kRNcQn7yGLVThkgbB0Ga/1AmfDDC/8ik6AIiSf2QLQO2zPYvefsHP0aFgxO93cVLCCfDp7kzQ==}
    engines: {node: '>= 20.12.0'}

  '@emnapi/core@1.9.0':
    resolution: {integrity: sha512-0DQ98G9ZQZOxfUcQn1waV2yS8aWdZ6kJMbYCJB3oUBecjWYO1fqJ+a1DRfPF3O5JEkwqwP1A9QEN/9mYm2Yd0w==}

  '@emnapi/runtime@1.9.0':
    resolution: {integrity: sha512-QN75eB0IH2ywSpRpNddCRfQIhmJYBCJ1x5Lb3IscKAL8bMnVAKnRg8dCoXbHzVLLH7P38N2Z3mtulB7W0J0FKw==}

  '@emnapi/wasi-threads@1.2.0':
    resolution: {integrity: sha512-N10dEJNSsUx41Z6pZsXU8FjPjpBEplgH24sfkmITrBED1/U2Esum9F3lfLrMjKHHjmi557zQn7kR9R+XWXu5Rg==}

  '@manypkg/find-root@3.1.0':
    resolution: {integrity: sha512-BcSqCyKhBVZ5YkSzOiheMCV41kqAFptW6xGqYSTjkVTl9XQpr+pqHhwgGCOHQtjDCv7Is6EFyA14Sm5GVbVABA==}
    engines: {node: '>=20.0.0'}

  '@manypkg/get-packages@3.1.0':
    resolution: {integrity: sha512-0TbBVyvPrP7xGYBI/cP8UP+yl/z+HtbTttAD7FMAJgn/kXOTwh5/60TsqP9ZYY710forNfyV0N8P/IE/ujGZJg==}
    engines: {node: '>=20.0.0'}

  '@manypkg/tools@2.1.2':
    resolution: {integrity: sha512-6QEf6yqFbETdwGITKq57aYoPfX/3K8XFNwsAlx0C1M7o8cb79sv1M3w+tWuWvIcSbNqrLF7OD7YpZMVVz335hQ==}
    engines: {node: '>=20.0.0'}

  '@napi-rs/wasm-runtime@1.1.1':
    resolution: {integrity: sha512-p64ah1M1ld8xjWv3qbvFwHiFVWrq1yFvV4f7w+mzaqiR4IlSgkqhcRdHwsGgomwzBH51sRY4NEowLxnaBjcW/A==}

  '@oxc-minify/binding-android-arm-eabi@0.120.0':
    resolution: {integrity: sha512-EjMhFlqQRU4/fK7LFJm4M4bJEHn0kGZRQ81frTTJi5N/pTAJr14XGONskcK/1gCmHUsdwG/u4K8VBFwNB4g2jA==}
    engines: {node: ^20.19.0 || >=22.12.0}
    cpu: [arm]
    os: [android]

  '@oxc-minify/binding-android-arm64@0.120.0':
    resolution: {integrity: sha512-hnIXATVoOtO4DyACv9DHbwkyVcHQnDB7voKWxvlEQmYoFtH6Y7e/cvzm/hwv2G2iN8oXW+yPlZhn/5li4V6qYA==}
    engines: {node: ^20.19.0 || >=22.12.0}
    cpu: [arm64]
    os: [android]

  '@oxc-minify/binding-darwin-arm64@0.120.0':
    resolution: {integrity: sha512-oefPB6DKZOVk7R9OEruy6v25T0e4NRKzodoUGL0xAGiLXvB6kl9l+KA4k3y2kVKOBnpwggT1pCKWikTGF4yBUA==}
    engines: {node: ^20.19.0 || >=22.12.0}
    cpu: [arm64]
    os: [darwin]

  '@oxc-minify/binding-darwin-x64@0.120.0':
    resolution: {integrity: sha512-aXVa0cLANa7LSffHbPaqXGgv9Dkiq5iQiG7k0IO1rYlt+XL2MRfVrLFMe/sU9YzYnyBveF7TNKEId3eiUXMp+g==}
    engines: {node: ^20.19.0 || >=22.12.0}
    cpu: [x64]
    os: [darwin]

  '@oxc-minify/binding-freebsd-x64@0.120.0':
    resolution: {integrity: sha512-LhuhEtQ0sbZpXiQzSsmnLcu+aRkZdWuT17CqxEyq6mKve1VNJ/aGsOp3Ax7V3Kfh5wt7BU7hmSt3NxkNSOyZig==}
    engines: {node: ^20.19.0 || >=22.12.0}
    cpu: [x64]
    os: [freebsd]

  '@oxc-minify/binding-linux-arm-gnueabihf@0.120.0':
    resolution: {integrity: sha512-9qwsTeooc1BTxvv4mMd3TKgSyoiaKTvxikr3KiU9f0elKFdmjb+iapFRIuYild4gT1jd4hGWD6MaqgSomN4pnw==}
    engines: {node: ^20.19.0 || >=22.12.0}
    cpu: [arm]
    os: [linux]

  '@oxc-minify/binding-linux-arm-musleabihf@0.120.0':
    resolution: {integrity: sha512-FGfLYOlKo0ebDDW+iI65MLoVc6Uflwd23ea0RyIVAOJ3zOf7VnOMgWeGgQy41TeBL6NXjExMc+RAjo7xsSIjkQ==}
    engines: {node: ^20.19.0 || >=22.12.0}
    cpu: [arm]
    os: [linux]

  '@oxc-minify/binding-linux-arm64-gnu@0.120.0':
    resolution: {integrity: sha512-pr0WlVMJIAxVU9SzKm7W4iTL9cpUY95Wzb63uHFJAYI3mSCQU6gtiK9nYN2XTFrm7l/1w2nIdbYd4tvudZq9ow==}
    engines: {node: ^20.19.0 || >=22.12.0}
    cpu: [arm64]
    os: [linux]
    libc: [glibc]

  '@oxc-minify/binding-linux-arm64-musl@0.120.0':
    resolution: {integrity: sha512-z3uqkKE7AJUjQkHwPkT6S/mXkkbv6McXKbHscNt4h/cZJvkjnXSVc+LwkdkFgXSURdMk8vgt0sXU2nhQm/XLeA==}
    engines: {node: ^20.19.0 || >=22.12.0}
    cpu: [arm64]
    os: [linux]
    libc: [musl]

  '@oxc-minify/binding-linux-ppc64-gnu@0.120.0':
    resolution: {integrity: sha512-+wZa0PCo8A225dOGZhLhZotddf9ATHbbDzZdeAjuAIr6vmhijlkyZHrY17AKSw298wTmuuJkfmf+P3M07SbcQg==}
    engines: {node: ^20.19.0 || >=22.12.0}
    cpu: [ppc64]
    os: [linux]
    libc: [glibc]

  '@oxc-minify/binding-linux-riscv64-gnu@0.120.0':
    resolution: {integrity: sha512-r5T+f+Vk7ow/Qe+6Yg+F/P0sPnufs0Qdy0m4a+MToba+nzepu/QynWv+xitLnNsta91fFGsA4H1MzLOlQ4WKWA==}
    engines: {node: ^20.19.0 || >=22.12.0}
    cpu: [riscv64]
    os: [linux]
    libc: [glibc]

  '@oxc-minify/binding-linux-riscv64-musl@0.120.0':
    resolution: {integrity: sha512-PLbs6qJl4UyxGydtfFKIv7cMv1MxXDqlPVvCwRhmq/hG3MVDrAK3Hukss9Nmn417Nw6csXdFtIfbiRLOtUWtfg==}
    engines: {node: ^20.19.0 || >=22.12.0}
    cpu: [riscv64]
    os: [linux]
    libc: [musl]

  '@oxc-minify/binding-linux-s390x-gnu@0.120.0':
    resolution: {integrity: sha512-uUm1N4AXa428XZ//xbmOfD/M3nULSnT1RyP1goyisf9BuWFfDh/3naVOOfWQ4tMv8MGNDZdI76Z8ooiBaDQtjg==}
    engines: {node: ^20.19.0 || >=22.12.0}
    cpu: [s390x]
    os: [linux]
    libc: [glibc]

  '@oxc-minify/binding-linux-x64-gnu@0.120.0':
    resolution: {integrity: sha512-t+ieObHRVg/n2WdcH8hKACVCx2+HfjGv1TsWeocZF8/npsQmHaXFBZ1YwaxbCgDlmWgB5HnYSgyHYiRQbaj0WA==}
    engines: {node: ^20.19.0 || >=22.12.0}
    cpu: [x64]
    os: [linux]
    libc: [glibc]

  '@oxc-minify/binding-linux-x64-musl@0.120.0':
    resolution: {integrity: sha512-sah6ouKLLad3WQgmZH/wztFuZwpP3PC7UTnO96IXl+RoTyInhN52nEugr0eaIyG8BwRxmUpMT1WhpcGPujEi4A==}
    engines: {node: ^20.19.0 || >=22.12.0}
    cpu: [x64]
    os: [linux]
    libc: [musl]

  '@oxc-minify/binding-openharmony-arm64@0.120.0':
    resolution: {integrity: sha512-iwWFD0zLdg1e1m4NpiAnmKqIIWWcvG2z0c0UAK/KzxV2EU7m52f2UTfLUQSS8q1w5tqoze3soufuxciYVbqcaA==}
    engines: {node: ^20.19.0 || >=22.12.0}
    cpu: [arm64]
    os: [openharmony]

  '@oxc-minify/binding-wasm32-wasi@0.120.0':
    resolution: {integrity: sha512-7byd1kFc9MLXfwki5MiJecg3WKhEnLaClnA/5tB27qnAlyDX3fXXHNnjlyLgSp3RVx7MMAN4cMhVV9tU/5Wnlg==}
    engines: {node: '>=14.0.0'}
    cpu: [wasm32]

  '@oxc-minify/binding-win32-arm64-msvc@0.120.0':
    resolution: {integrity: sha512-rJaKjmGj6fUqwi4Kv4yYG2MUvqOuLvh4gSnpXyQnfubTh7fovcmME9HbsDKo7pTdt/4EcSVBX3x4G4P7ucVeCA==}
    engines: {node: ^20.19.0 || >=22.12.0}
    cpu: [arm64]
    os: [win32]

  '@oxc-minify/binding-win32-ia32-msvc@0.120.0':
    resolution: {integrity: sha512-nE9pmOTJI9vnhIjyFwPNHjbOltyO7FyvB8cxtYpWh4qeN2VUy/n+sJo44tJc5Aa2sqOOY37SYiLQEM8Dt/Xwcw==}
    engines: {node: ^20.19.0 || >=22.12.0}
    cpu: [ia32]
    os: [win32]

  '@oxc-minify/binding-win32-x64-msvc@0.120.0':
    resolution: {integrity: sha512-yWAx/Dj7bzL+KkV2F+cDyZNZ7cx694dNKTjBO5B3UMDyKAL743IsPdlYScGcG4wRLnTILvBYy6u73UjjvJQvzg==}
    engines: {node: ^20.19.0 || >=22.12.0}
    cpu: [x64]
    os: [win32]

  '@pnpm/deps.graph-sequencer@1100.0.1':
    resolution: {integrity: sha512-pOr5+q1fLYKwFN3LAJuGZEnfXDcQ73zqgDHMtGy+K+uIoUqyY+6MeDCWFwfu+4EFuq76I5EPFofoNAI+Bmmq4A==}
    engines: {node: '>=22.13'}

  '@tybys/wasm-util@0.10.1':
    resolution: {integrity: sha512-9tTaPJLSiejZKx+Bmog4uSubteqTvFrVrURwkmHixBo0G4seD0zUxp98E1DzUBJxLQ3NPwXrGKDiVjwx/DpPsg==}

  cac@7.0.0:
    resolution: {integrity: sha512-tixWYgm5ZoOD+3g6UTea91eow5z6AAHaho3g0V9CNSNb45gM8SmflpAc+GRd1InC4AqN/07Unrgp56Y94N9hJQ==}
    engines: {node: '>=20.19.0'}

  fast-string-truncated-width@3.0.3:
    resolution: {integrity: sha512-0jjjIEL6+0jag3l2XWWizO64/aZVtpiGE3t0Zgqxv0DPuxiMjvB3M24fCyhZUO4KomJQPj3LTSUnDP3GpdwC0g==}

  fast-string-width@3.0.2:
    resolution: {integrity: sha512-gX8LrtNEI5hq8DVUfRQMbr5lpaS4nMIWV+7XEbXk2b8kiQIizgnlr12B4dA3ZEx3308ze0O4Q1R+cHts8kyUJg==}

  fast-wrap-ansi@0.2.2:
    resolution: {integrity: sha512-7F2Fl+TjRSenLqlU3UjSH0iyqopqoZIu7eZVpEirP2g1GtWa2G/ecEmBdgz31+Mxr+ELclgg6sokpSFIQiZ02Q==}

  fdir@6.5.0:
    resolution: {integrity: sha512-tIbYtZbucOs0BRGqPJkshJUYdL+SDH7dVM8gjy+ERp3WAUjLEFJE+02kanyHtwjWOnwrKYBiwAmM0p4kLJAnXg==}
    engines: {node: '>=12.0.0'}
    peerDependencies:
      picomatch: ^3 || ^4
    peerDependenciesMeta:
      picomatch:
        optional: true

  human-id@4.2.1:
    resolution: {integrity: sha512-zPGsiS+dWoTZtZ4AtpA9Y+BdSFSNWvnouNlWNoUFyAM6xHOHmdCvqO3k8AIbdamCOv4gUFUVNPf6rJFfc4UiJw==}
    hasBin: true

  import-meta-resolve@4.2.0:
    resolution: {integrity: sha512-Iqv2fzaTQN28s/FwZAoFq0ZSs/7hMAHJVX+w8PZl3cY19Pxk6jFFalxQoIfW2826i/fDLXv8IiEZRIT0lDuWcg==}

  jju@1.4.0:
    resolution: {integrity: sha512-8wb9Yw966OSxApiCt0K3yNJL8pnNeIv+OEq2YMidz4FKP6nonSRoOXc80iXY4JaN2FC11B9qsNmDsm+ZOfMROA==}

  jsonc-parser@3.3.1:
    resolution: {integrity: sha512-HUgH65KyejrUFPvHFPbqOY0rsFip3Bo5wb4ngvdi1EpCYWUQDC5V+Y7mZws+DLkr4M//zQJoanu1SP+87Dv1oQ==}

  launch-editor@2.14.1:
    resolution: {integrity: sha512-QWBrQsMpH7gPr965dsKD/3cKWiNoTjpATQf++Xq63N6sKRGMwlVXz41O1IZTMfZQgBctD/K5Zt06+/I6pP6+HA==}

  oxc-minify@0.120.0:
    resolution: {integrity: sha512-dUgURjdc9HFf8p7j9rtKXhPdgYchfSJ2eHdNk0n5n4sNT21RHSxahn1gCZMMxIOXKwEc5vjyc89vda5zZQi8rA==}
    engines: {node: ^20.19.0 || >=22.12.0}

  package-manager-detector@1.8.0:
    resolution: {integrity: sha512-yQA4H19AmPEoMUeavPMDIe1higySl/gH/yaQrkT/s07Qp+7pp2hYz30N3z2l5BkjVkF9Ow6o0wjJamm2y7Sn0A==}

  picocolors@1.1.1:
    resolution: {integrity: sha512-xceH2snhtb5M9liqDsmEw56le376mTZkEX/jEb/RxNFyegNul7eNslCXP9FDj/Lcu0X8KEyMceP2ntpaHrDEVA==}

  picomatch@4.0.7:
    resolution: {integrity: sha512-qcJu88Q2IWqJsDD529JKMdwGm/dvInW4HvQnRwiH9JtihJvzGOscDtHE3x1pBKeUOTysQ8kVmLnJ2kJu7yhcGA==}
    engines: {node: '>=12'}

  semver@7.8.5:
    resolution: {integrity: sha512-Y7/KDsb8LjooZpwaqGyulO6DQlksgCncchHGk+sZIY4SBvUocMBEFH5Ur1fI4dV+Jvl0w6cjvucaIi40puRioA==}
    engines: {node: '>=10'}
    hasBin: true

  shell-quote@1.11.0:
    resolution: {integrity: sha512-JdxDPD0DBTyu08pq0kPC0xSNet/qsU07qT6IsX1AS8oO2ICNRY4ldNa8OAI6PuwAH8tG3lxEhbqmyp4Dw4036g==}
    engines: {node: '>= 0.4'}

  sisteransi@1.0.5:
    resolution: {integrity: sha512-bLGGlR1QxBcynn2d5YmDX4MGjlZvy2MRBDRNHLJ8VI6l6+9FUiyTFNJ0IveOSP0bcXgVDPRcfGqA0pjaqUpfVg==}

  tinyexec@1.3.1:
    resolution: {integrity: sha512-GCvB3aoys96IuDFBMcTB46JOR6mdMtAToqwiW8JlWhsoh1mhHi/xn9ss/Dg7N555GiJyEt2qzoG/NHCwM6h1EA==}
    engines: {node: '>=18'}

  tinyglobby@0.2.17:
    resolution: {integrity: sha512-wXR/dYpcqKmfWpEdZjiKJOwCNFndD0DMnrW/cYjVGttEkBfVgcLFHoNrlj47mjOVic9yyNu65alsgF4NQyTa2g==}
    engines: {node: '>=12.0.0'}

  tslib@2.8.1:
    resolution: {integrity: sha512-oJFu94HQb+KVduSUQL7wnpmqnfmLsOA/nAh6b6EH0wCEoK0/mPeXU6c3wKDV83MkOuHPRHtSXKKU99IBazS/2w==}

  yaml@2.9.1:
    resolution: {integrity: sha512-3NxN8+78OdzbT7C/WjGsyfPAtJaN3FNDsWxv7Y7mcDsT/oOmgW8BpyQQFFBnvZE3j9Y2Sdz1ULFLezL7Eb2yFw==}
    engines: {node: '>= 14.6'}
    hasBin: true

snapshots:

  '@changesets/apply-release-plan@8.1.1':
    dependencies:
      '@changesets/config': 4.0.1
      '@changesets/format': 0.1.2
      '@changesets/git': 4.0.1
      '@changesets/should-skip-package': 1.0.0
      '@changesets/types': 7.0.0
      import-meta-resolve: 4.2.0
      jsonc-parser: 3.3.1
      semver: 7.8.5

  '@changesets/assemble-release-plan@7.0.0':
    dependencies:
      '@changesets/errors': 1.0.0
      '@changesets/get-dependents-graph': 3.0.0
      '@changesets/should-skip-package': 1.0.0
      '@changesets/types': 7.0.0
      semver: 7.8.5

  '@changesets/changelog-git@1.0.0':
    dependencies:
      '@changesets/types': 7.0.0

  '@changesets/cli@3.0.3':
    dependencies:
      '@changesets/apply-release-plan': 8.1.1
      '@changesets/assemble-release-plan': 7.0.0
      '@changesets/changelog-git': 1.0.0
      '@changesets/config': 4.0.1
      '@changesets/errors': 1.0.0
      '@changesets/get-dependents-graph': 3.0.0
      '@changesets/git': 4.0.1
      '@changesets/pre': 3.0.0
      '@changesets/read': 1.0.1
      '@changesets/should-skip-package': 1.0.0
      '@changesets/types': 7.0.0
      '@changesets/write': 1.0.1
      '@clack/prompts': 1.8.1
      '@manypkg/get-packages': 3.1.0
      '@pnpm/deps.graph-sequencer': 1100.0.1
      cac: 7.0.0
      import-meta-resolve: 4.2.0
      launch-editor: 2.14.1
      package-manager-detector: 1.8.0
      semver: 7.8.5
      tinyexec: 1.3.1

  '@changesets/config@4.0.1':
    dependencies:
      '@changesets/get-dependents-graph': 3.0.0
      '@changesets/should-skip-package': 1.0.0
      '@changesets/types': 7.0.0
      '@manypkg/get-packages': 3.1.0
      picomatch: 4.0.7

  '@changesets/errors@1.0.0': {}

  '@changesets/format@0.1.2':
    dependencies:
      package-manager-detector: 1.8.0
      tinyexec: 1.3.1

  '@changesets/get-dependents-graph@3.0.0':
    dependencies:
      '@changesets/types': 7.0.0
      semver: 7.8.5

  '@changesets/git@4.0.1':
    dependencies:
      '@changesets/errors': 1.0.0
      '@changesets/types': 7.0.0
      '@manypkg/get-packages': 3.1.0
      picomatch: 4.0.7
      tinyexec: 1.3.1

  '@changesets/parse@1.0.0':
    dependencies:
      '@changesets/types': 7.0.0
      yaml: 2.9.1

  '@changesets/pre@3.0.0':
    dependencies:
      '@changesets/errors': 1.0.0
      '@changesets/types': 7.0.0
      '@manypkg/get-packages': 3.1.0

  '@changesets/read@1.0.1':
    dependencies:
      '@changesets/git': 4.0.1
      '@changesets/parse': 1.0.0
      '@changesets/types': 7.0.0

  '@changesets/should-skip-package@1.0.0':
    dependencies:
      '@changesets/types': 7.0.0

  '@changesets/types@7.0.0': {}

  '@changesets/write@1.0.1':
    dependencies:
      '@changesets/format': 0.1.2
      '@changesets/types': 7.0.0
      human-id: 4.2.1

  '@clack/core@1.5.1':
    dependencies:
      fast-wrap-ansi: 0.2.2
      sisteransi: 1.0.5

  '@clack/prompts@1.8.1':
    dependencies:
      '@clack/core': 1.5.1
      fast-string-width: 3.0.2
      fast-wrap-ansi: 0.2.2
      sisteransi: 1.0.5

  '@emnapi/core@1.9.0':
    dependencies:
      '@emnapi/wasi-threads': 1.2.0
      tslib: 2.8.1
    optional: true

  '@emnapi/runtime@1.9.0':
    dependencies:
      tslib: 2.8.1
    optional: true

  '@emnapi/wasi-threads@1.2.0':
    dependencies:
      tslib: 2.8.1
    optional: true

  '@manypkg/find-root@3.1.0':
    dependencies:
      '@manypkg/tools': 2.1.2

  '@manypkg/get-packages@3.1.0':
    dependencies:
      '@manypkg/find-root': 3.1.0
      '@manypkg/tools': 2.1.2

  '@manypkg/tools@2.1.2':
    dependencies:
      jju: 1.4.0
      tinyglobby: 0.2.17
      yaml: 2.9.1

  '@napi-rs/wasm-runtime@1.1.1':
    dependencies:
      '@emnapi/core': 1.9.0
      '@emnapi/runtime': 1.9.0
      '@tybys/wasm-util': 0.10.1
    optional: true

  '@oxc-minify/binding-android-arm-eabi@0.120.0':
    optional: true

  '@oxc-minify/binding-android-arm64@0.120.0':
    optional: true

  '@oxc-minify/binding-darwin-arm64@0.120.0':
    optional: true

  '@oxc-minify/binding-darwin-x64@0.120.0':
    optional: true

  '@oxc-minify/binding-freebsd-x64@0.120.0':
    optional: true

  '@oxc-minify/binding-linux-arm-gnueabihf@0.120.0':
    optional: true

  '@oxc-minify/binding-linux-arm-musleabihf@0.120.0':
    optional: true

  '@oxc-minify/binding-linux-arm64-gnu@0.120.0':
    optional: true

  '@oxc-minify/binding-linux-arm64-musl@0.120.0':
    optional: true

  '@oxc-minify/binding-linux-ppc64-gnu@0.120.0':
    optional: true

  '@oxc-minify/binding-linux-riscv64-gnu@0.120.0':
    optional: true

  '@oxc-minify/binding-linux-riscv64-musl@0.120.0':
    optional: true

  '@oxc-minify/binding-linux-s390x-gnu@0.120.0':
    optional: true

  '@oxc-minify/binding-linux-x64-gnu@0.120.0':
    optional: true

  '@oxc-minify/binding-linux-x64-musl@0.120.0':
    optional: true

  '@oxc-minify/binding-openharmony-arm64@0.120.0':
    optional: true

  '@oxc-minify/binding-wasm32-wasi@0.120.0':
    dependencies:
      '@napi-rs/wasm-runtime': 1.1.1
    optional: true

  '@oxc-minify/binding-win32-arm64-msvc@0.120.0':
    optional: true

  '@oxc-minify/binding-win32-ia32-msvc@0.120.0':
    optional: true

  '@oxc-minify/binding-win32-x64-msvc@0.120.0':
    optional: true

  '@pnpm/deps.graph-sequencer@1100.0.1': {}

  '@tybys/wasm-util@0.10.1':
    dependencies:
      tslib: 2.8.1
    optional: true

  cac@7.0.0: {}

  fast-string-truncated-width@3.0.3: {}

  fast-string-width@3.0.2:
    dependencies:
      fast-string-truncated-width: 3.0.3

  fast-wrap-ansi@0.2.2:
    dependencies:
      fast-string-width: 3.0.2

  fdir@6.5.0(picomatch@4.0.7):
    optionalDependencies:
      picomatch: 4.0.7

  human-id@4.2.1: {}

  import-meta-resolve@4.2.0: {}

  jju@1.4.0: {}

  jsonc-parser@3.3.1: {}

  launch-editor@2.14.1:
    dependencies:
      picocolors: 1.1.1
      shell-quote: 1.11.0

  oxc-minify@0.120.0:
    optionalDependencies:
      '@oxc-minify/binding-android-arm-eabi': 0.120.0
      '@oxc-minify/binding-android-arm64': 0.120.0
      '@oxc-minify/binding-darwin-arm64': 0.120.0
      '@oxc-minify/binding-darwin-x64': 0.120.0
      '@oxc-minify/binding-freebsd-x64': 0.120.0
      '@oxc-minify/binding-linux-arm-gnueabihf': 0.120.0
      '@oxc-minify/binding-linux-arm-musleabihf': 0.120.0
      '@oxc-minify/binding-linux-arm64-gnu': 0.120.0
      '@oxc-minify/binding-linux-arm64-musl': 0.120.0
      '@oxc-minify/binding-linux-ppc64-gnu': 0.120.0
      '@oxc-minify/binding-linux-riscv64-gnu': 0.120.0
      '@oxc-minify/binding-linux-riscv64-musl': 0.120.0
      '@oxc-minify/binding-linux-s390x-gnu': 0.120.0
      '@oxc-minify/binding-linux-x64-gnu': 0.120.0
      '@oxc-minify/binding-linux-x64-musl': 0.120.0
      '@oxc-minify/binding-openharmony-arm64': 0.120.0
      '@oxc-minify/binding-wasm32-wasi': 0.120.0
      '@oxc-minify/binding-win32-arm64-msvc': 0.120.0
      '@oxc-minify/binding-win32-ia32-msvc': 0.120.0
      '@oxc-minify/binding-win32-x64-msvc': 0.120.0

  package-manager-detector@1.8.0: {}

  picocolors@1.1.1: {}

  picomatch@4.0.7: {}

  semver@7.8.5: {}

  shell-quote@1.11.0: {}

  sisteransi@1.0.5: {}

  tinyexec@1.3.1: {}

  tinyglobby@0.2.17:
    dependencies:
      fdir: 6.5.0(picomatch@4.0.7)
      picomatch: 4.0.7

  tslib@2.8.1:
    optional: true

  yaml@2.9.1: {}
